// !$*UTF8*$!
{
	archiveVersion = 1;
	classes = {
	};
	objectVersion = 77;
	objects = {

/* Begin PBXContainerItemProxy section */
		3D1A1B1A2D12EDAC00D72726 /* PBXContainerItemProxy */ = {
			isa = PBXContainerItemProxy;
			containerPortal = 3D1A1B012D12EDAB00D72726 /* Project object */;
			proxyType = 1;
			remoteGlobalIDString = 3D1A1B082D12EDAB00D72726;
			remoteInfo = "marwa-";
		};
		3D1A1B242D12EDAC00D72726 /* PBXContainerItemProxy */ = {
			isa = PBXContainerItemProxy;
			containerPortal = 3D1A1B012D12EDAB00D72726 /* Project object */;
			proxyType = 1;
			remoteGlobalIDString = 3D1A1B082D12EDAB00D72726;
			remoteInfo = "marwa-";
		};
/* End PBXContainerItemProxy section */

/* Begin PBXFileReference section */
		3D1A1B092D12EDAB00D72726 /* marwa-.app */ = {isa = PBXFileReference; explicitFileType = wrapper.application; includeInIndex = 0; path = "marwa-.app"; sourceTree = BUILT_PRODUCTS_DIR; };
		3D1A1B192D12EDAC00D72726 /* marwa-Tests.xctest */ = {isa = PBXFileReference; explicitFileType = wrapper.cfbundle; includeInIndex = 0; path = "marwa-Tests.xctest"; sourceTree = BUILT_PRODUCTS_DIR; };
		3D1A1B232D12EDAC00D72726 /* marwa-UITests.xctest */ = {isa = PBXFileReference; explicitFileType = wrapper.cfbundle; includeInIndex = 0; path = "marwa-UITests.xctest"; sourceTree = BUILT_PRODUCTS_DIR; };
/* End PBXFileReference section */

/* Begin PBXFileSystemSynchronizedRootGroup section */
		3D1A1B0B2D12EDAB00D72726 /* marwa- */ = {
			isa = PBXFileSystemSynchronizedRootGroup;
			path = "marwa-";
			sourceTree = "<group>";
		};
		3D1A1B1C2D12EDAC00D72726 /* marwa-Tests */ = {
			isa = PBXFileSystemSynchronizedRootGroup;
			path = "marwa-Tests";
			sourceTree = "<group>";
		};
		3D1A1B262D12EDAC00D72726 /* marwa-UITests */ = {
			isa = PBXFileSystemSynchronizedRootGroup;
			path = "marwa-UITests";
			sourceTree = "<group>";
		};
/* End PBXFileSystemSynchronizedRootGroup section */

/* Begin PBXFrameworksBuildPhase section */
		3D1A1B062D12EDAB00D72726 /* Frameworks */ = {
			isa = PBXFrameworksBuildPhase;
			buildActionMask = 2147483647;
			files = (
			);
			runOnlyForDeploymentPostprocessing = 0;
		};
		3D1A1B162D12EDAC00D72726 /* Frameworks */ = {
			isa = PBXFrameworksBuildPhase;
			buildActionMask = 2147483647;
			files = (
			);
			runOnlyForDeploymentPostprocessing = 0;
		};
		3D1A1B202D12EDAC00D72726 /* Frameworks */ = {
			isa = PBXFrameworksBuildPhase;
			buildActionMask = 2147483647;
			files = (
			);
			runOnlyForDeploymentPostprocessing = 0;
		};
/* End PBXFrameworksBuildPhase section */

/* Begin PBXGroup section */
		3D1A1B002D12EDAB00D72726 = {
			isa = PBXGroup;
			children = (
				3D1A1B0B2D12EDAB00D72726 /* marwa- */,
				3D1A1B1C2D12EDAC00D72726 /* marwa-Tests */,
				3D1A1B262D12EDAC00D72726 /* marwa-UITests */,
				3D1A1B0A2D12EDAB00D72726 /* Products */,
			);
			sourceTree = "<group>";
		};
		3D1A1B0A2D12EDAB00D72726 /* Products */ = {
			isa = PBXGroup;
			children = (
				3D1A1B092D12EDAB00D72726 /* marwa-.app */,
				3D1A1B192D12EDAC00D72726 /* marwa-Tests.xctest */,
				3D1A1B232D12EDAC00D72726 /* marwa-UITests.xctest */,
			);
			name = Products;
			sourceTree = "<group>";
		};
/* End PBXGroup section */

/* Begin PBXNativeTarget section */
		3D1A1B082D12EDAB00D72726 /* marwa- */ = {
			isa = PBXNativeTarget;
			buildConfigurationList = 3D1A1B2D2D12EDAC00D72726 /* Build configuration list for PBXNativeTarget "marwa-" */;
			buildPhases = (
				3D1A1B052D12EDAB00D72726 /* Sources */,
				3D1A1B062D12EDAB00D72726 /* Frameworks */,
				3D1A1B072D12EDAB00D72726 /* Resources */,
			);
			buildRules = (
			);
			dependencies = (
			);
			fileSystemSynchronizedGroups = (
				3D1A1B0B2D12EDAB00D72726 /* marwa- */,
			);
			name = "marwa-";
			packageProductDependencies = (
			);
			productName = "marwa-";
			productReference = 3D1A1B092D12EDAB00D72726 /* marwa-.app */;
			productType = "com.apple.product-type.application";
		};
		3D1A1B182D12EDAC00D72726 /* marwa-Tests */ = {
			isa = PBXNativeTarget;
			buildConfigurationList = 3D1A1B302D12EDAC00D72726 /* Build configuration list for PBXNativeTarget "marwa-Tests" */;
			buildPhases = (
				3D1A1B152D12EDAC00D72726 /* Sources */,
				3D1A1B162D12EDAC00D72726 /* Frameworks */,
				3D1A1B172D12EDAC00D72726 /* Resources */,
			);
			buildRules = (
			);
			dependencies = (
				3D1A1B1B2D12EDAC00D72726 /* PBXTargetDependency */,
			);
			fileSystemSynchronizedGroups = (
				3D1A1B1C2D12EDAC00D72726 /* marwa-Tests */,
			);
			name = "marwa-Tests";
			packageProductDependencies = (
			);
			productName = "marwa-Tests";
			productReference = 3D1A1B192D12EDAC00D72726 /* marwa-Tests.xctest */;
			productType = "com.apple.product-type.bundle.unit-test";
		};
		3D1A1B222D12EDAC00D72726 /* marwa-UITests */ = {
			isa = PBXNativeTarget;
			buildConfigurationList = 3D1A1B332D12EDAC00D72726 /* Build configuration list for PBXNativeTarget "marwa-UITests" */;
			buildPhases = (
				3D1A1B1F2D12EDAC00D72726 /* Sources */,
				3D1A1B202D12EDAC00D72726 /* Frameworks */,
				3D1A1B212D12EDAC00D72726 /* Resources */,
			);
			buildRules = (
			);
			dependencies = (
				3D1A1B252D12EDAC00D72726 /* PBXTargetDependency */,
			);
			fileSystemSynchronizedGroups = (
				3D1A1B262D12EDAC00D72726 /* marwa-UITests */,
			);
			name = "marwa-UITests";
			packageProductDependencies = (
			);
			productName = "marwa-UITests";
			productReference = 3D1A1B232D12EDAC00D72726 /* marwa-UITests.xctest */;
			productType = "com.apple.product-type.bundle.ui-testing";
		};
/* End PBXNativeTarget section */

/* Begin PBXProject section */
		3D1A1B012D12EDAB00D72726 /* Project object */ = {
			isa = PBXProject;
			attributes = {
				BuildIndependentTargetsInParallel = 1;
				LastSwiftUpdateCheck = 1600;
				LastUpgradeCheck = 1600;
				TargetAttributes = {
					3D1A1B082D12EDAB00D72726 = {
						CreatedOnToolsVersion = 16.0;
					};
					3D1A1B182D12EDAC00D72726 = {
						CreatedOnToolsVersion = 16.0;
						TestTargetID = 3D1A1B082D12EDAB00D72726;
					};
					3D1A1B222D12EDAC00D72726 = {
						CreatedOnToolsVersion = 16.0;
						TestTargetID = 3D1A1B082D12EDAB00D72726;
					};
				};
			};
			buildConfigurationList = 3D1A1B042D12EDAB00D72726 /* Build configuration list for PBXProject "marwa-" */;
			developmentRegion = en;
			hasScannedForEncodings = 0;
			knownRegions = (
				en,
				Base,
			);
			mainGroup = 3D1A1B002D12EDAB00D72726;
			minimizedProjectReferenceProxies = 1;
			preferredProjectObjectVersion = 77;
			productRefGroup = 3D1A1B0A2D12EDAB00D72726 /* Products */;
			projectDirPath = "";
			projectRoot = "";
			targets = (
				3D1A1B082D12EDAB00D72726 /* marwa- */,
				3D1A1B182D12EDAC00D72726 /* marwa-Tests */,
				3D1A1B222D12EDAC00D72726 /* marwa-UITests */,
			);
		};
/* End PBXProject section */

/* Begin PBXResourcesBuildPhase section */
		3D1A1B072D12EDAB00D72726 /* Resources */ = {
			isa = PBXResourcesBuildPhase;
			buildActionMask = 2147483647;
			files = (
			);
			runOnlyForDeploymentPostprocessing = 0;
		};
		3D1A1B172D12EDAC00D72726 /* Resources */ = {
			isa = PBXResourcesBuildPhase;
			buildActionMask = 2147483647;
			files = (
			);
			runOnlyForDeploymentPostprocessing = 0;
		};
		3D1A1B212D12EDAC00D72726 /* Resources */ = {
			isa = PBXResourcesBuildPhase;
			buildActionMask = 2147483647;
			files = (
			);
			runOnlyForDeploymentPostprocessing = 0;
		};
/* End PBXResourcesBuildPhase section */

/* Begin PBXSourcesBuildPhase section */
		3D1A1B052D12EDAB00D72726 /* Sources */ = {
			isa = PBXSourcesBuildPhase;
			buildActionMask = 2147483647;
			files = (
			);
			runOnlyForDeploymentPostprocessing = 0;
		};
		3D1A1B152D12EDAC00D72726 /* Sources */ = {
			isa = PBXSourcesBuildPhase;
			buildActionMask = 2147483647;
			files = (
			);
			runOnlyForDeploymentPostprocessing = 0;
		};
		3D1A1B1F2D12EDAC00D72726 /* Sources */ = {
			isa = PBXSourcesBuildPhase;
			buildActionMask = 2147483647;
			files = (
			);
			runOnlyForDeploymentPostprocessing = 0;
		};
/* End PBXSourcesBuildPhase section */

/* Begin PBXTargetDependency section */
		3D1A1B1B2D12EDAC00D72726 /* PBXTargetDependency */ = {
			isa = PBXTargetDependency;
			target = 3D1A1B082D12EDAB00D72726 /* marwa- */;
			targetProxy = 3D1A1B1A2D12EDAC00D72726 /* PBXContainerItemProxy */;
		};
		3D1A1B252D12EDAC00D72726 /* PBXTargetDependency */ = {
			isa = PBXTargetDependency;
			target = 3D1A1B082D12EDAB00D72726 /* marwa- */;
			targetProxy = 3D1A1B242D12EDAC00D72726 /* PBXContainerItemProxy */;
		};
/* End PBXTargetDependency section */

/* Begin XCBuildConfiguration section */
		3D1A1B2B2D12EDAC00D72726 /* Debug */ = {
			isa = XCBuildConfiguration;
			buildSettings = {
				ALWAYS_SEARCH_USER_PATHS = NO;
				ASSETCATALOG_COMPILER_GENERATE_SWIFT_ASSET_SYMBOL_EXTENSIONS = YES;
				CLANG_ANALYZER_NONNULL = YES;
				CLANG_ANALYZER_NUMBER_OBJECT_CONVERSION = YES_AGGRESSIVE;
				CLANG_CXX_LANGUAGE_STANDARD = "gnu++20";
				CLANG_ENABLE_MODULES = YES;
				CLANG_ENABLE_OBJC_ARC = YES;
				CLANG_ENABLE_OBJC_WEAK = YES;
				CLANG_WARN_BLOCK_CAPTURE_AUTORELEASING = YES;
				CLANG_WARN_BOOL_CONVERSION = YES;
				CLANG_WARN_COMMA = YES;
				CLANG_WARN_CONSTANT_CONVERSION = YES;
				CLANG_WARN_DEPRECATED_OBJC_IMPLEMENTATIONS = YES;
				CLANG_WARN_DIRECT_OBJC_ISA_USAGE = YES_ERROR;
				CLANG_WARN_DOCUMENTATION_COMMENTS = YES;
				CLANG_WARN_EMPTY_BODY = YES;
				CLANG_WARN_ENUM_CONVERSION = YES;
				CLANG_WARN_INFINITE_RECURSION = YES;
				CLANG_WARN_INT_CONVERSION = YES;
				CLANG_WARN_NON_LITERAL_NULL_CONVERSION = YES;
				CLANG_WARN_OBJC_IMPLICIT_RETAIN_SELF = YES;
				CLANG_WARN_OBJC_LITERAL_CONVERSION = YES;
				CLANG_WARN_OBJC_ROOT_CLASS = YES_ERROR;
				CLANG_WARN_QUOTED_INCLUDE_IN_FRAMEWORK_HEADER = YES;
				CLANG_WARN_RANGE_LOOP_ANALYSIS = YES;
				CLANG_WARN_STRICT_PROTOTYPES = YES;
				CLANG_WARN_SUSPICIOUS_MOVE = YES;
				CLANG_WARN_UNGUARDED_AVAILABILITY = YES_AGGRESSIVE;
				CLANG_WARN_UNREACHABLE_CODE = YES;
				CLANG_WARN__DUPLICATE_METHOD_MATCH = YES;
				COPY_PHASE_STRIP = NO;
				DEBUG_INFORMATION_FORMAT = dwarf;
				ENABLE_STRICT_OBJC_MSGSEND = YES;
				ENABLE_TESTABILITY = YES;
				ENABLE_USER_SCRIPT_SANDBOXING = YES;
				GCC_C_LANGUAGE_STANDARD = gnu17;
				GCC_DYNAMIC_NO_PIC = NO;
				GCC_NO_COMMON_BLOCKS = YES;
				GCC_OPTIMIZATION_LEVEL = 0;
				GCC_PREPROCESSOR_DEFINITIONS = (
					"DEBUG=1",
					"$(inherited)",
				);
				GCC_WARN_64_TO_32_BIT_CONVERSION = YES;
				GCC_WARN_ABOUT_RETURN_TYPE = YES_ERROR;
				GCC_WARN_UNDECLARED_SELECTOR = YES;
				GCC_WARN_UNINITIALIZED_AUTOS = YES_AGGRESSIVE;
				GCC_WARN_UNUSED_FUNCTION = YES;
				GCC_WARN_UNUSED_VARIABLE = YES;
				IPHONEOS_DEPLOYMENT_TARGET = 18.0;
				LOCALIZATION_PREFERS_STRING_CATALOGS = YES;
				MTL_ENABLE_DEBUG_INFO = INCLUDE_SOURCE;
				MTL_FAST_MATH = YES;
				ONLY_ACTIVE_ARCH = YES;
				SDKROOT = iphoneos;
				SWIFT_ACTIVE_COMPILATION_CONDITIONS = "DEBUG $(inherited)";
				SWIFT_OPTIMIZATION_LEVEL = "-Onone";
			};
			name = Debug;
		};
		3D1A1B2C2D12EDAC00D72726 /* Release */ = {
			isa = XCBuildConfiguration;
			buildSettings = {
				ALWAYS_SEARCH_USER_PATHS = NO;
				ASSETCATALOG_COMPILER_GENERATE_SWIFT_ASSET_SYMBOL_EXTENSIONS = YES;
				CLANG_ANALYZER_NONNULL = YES;
				CLANG_ANALYZER_NUMBER_OBJECT_CONVERSION = YES_AGGRESSIVE;
				CLANG_CXX_LANGUAGE_STANDARD = "gnu++20";
				CLANG_ENABLE_MODULES = YES;
				CLANG_ENABLE_OBJC_ARC = YES;
				CLANG_ENABLE_OBJC_WEAK = YES;
				CLANG_WARN_BLOCK_CAPTURE_AUTORELEASING = YES;
				CLANG_WARN_BOOL_CONVERSION = YES;
				CLANG_WARN_COMMA = YES;
				CLANG_WARN_CONSTANT_CONVERSION = YES;
				CLANG_WARN_DEPRECATED_OBJC_IMPLEMENTATIONS = YES;
				CLANG_WARN_DIRECT_OBJC_ISA_USAGE = YES_ERROR;
				CLANG_WARN_DOCUMENTATION_COMMENTS = YES;
				CLANG_WARN_EMPTY_BODY = YES;
				CLANG_WARN_ENUM_CONVERSION = YES;
				CLANG_WARN_INFINITE_RECURSION = YES;
				CLANG_WARN_INT_CONVERSION = YES;
				CLANG_WARN_NON_LITERAL_NULL_CONVERSION = YES;
				CLANG_WARN_OBJC_IMPLICIT_RETAIN_SELF = YES;
				CLANG_WARN_OBJC_LITERAL_CONVERSION = YES;
				CLANG_WARN_OBJC_ROOT_CLASS = YES_ERROR;
				CLANG_WARN_QUOTED_INCLUDE_IN_FRAMEWORK_HEADER = YES;
				CLANG_WARN_RANGE_LOOP_ANALYSIS = YES;
				CLANG_WARN_STRICT_PROTOTYPES = YES;
				CLANG_WARN_SUSPICIOUS_MOVE = YES;
				CLANG_WARN_UNGUARDED_AVAILABILITY = YES_AGGRESSIVE;
				CLANG_WARN_UNREACHABLE_CODE = YES;
				CLANG_WARN__DUPLICATE_METHOD_MATCH = YES;
				COPY_PHASE_STRIP = NO;
				DEBUG_INFORMATION_FORMAT = "dwarf-with-dsym";
				ENABLE_NS_ASSERTIONS = NO;
				ENABLE_STRICT_OBJC_MSGSEND = YES;
				ENABLE_USER_SCRIPT_SANDBOXING = YES;
				GCC_C_LANGUAGE_STANDARD = gnu17;
				GCC_NO_COMMON_BLOCKS = YES;
				GCC_WARN_64_TO_32_BIT_CONVERSION = YES;
				GCC_WARN_ABOUT_RETURN_TYPE = YES_ERROR;
				GCC_WARN_UNDECLARED_SELECTOR = YES;
				GCC_WARN_UNINITIALIZED_AUTOS = YES_AGGRESSIVE;
				GCC_WARN_UNUSED_FUNCTION = YES;
				GCC_WARN_UNUSED_VARIABLE = YES;
				IPHONEOS_DEPLOYMENT_TARGET = 18.0;
				LOCALIZATION_PREFERS_STRING_CATALOGS = YES;
				MTL_ENABLE_DEBUG_INFO = NO;
				MTL_FAST_MATH = YES;
				SDKROOT = iphoneos;
				SWIFT_COMPILATION_MODE = wholemodule;
				VALIDATE_PRODUCT = YES;
			};
			name = Release;
		};
		3D1A1B2E2D12EDAC00D72726 /* Debug */ = {
			isa = XCBuildConfiguration;
			buildSettings = {
				ASSETCATALOG_COMPILER_APPICON_NAME = AppIcon;
				ASSETCATALOG_COMPILER_GLOBAL_ACCENT_COLOR_NAME = AccentColor;
				CODE_SIGN_STYLE = Automatic;
				CURRENT_PROJECT_VERSION = 1;
				DEVELOPMENT_ASSET_PATHS = "\"marwa-/Preview Content\"";
				ENABLE_PREVIEWS = YES;
				GENERATE_INFOPLIST_FILE = YES;
				INFOPLIST_KEY_UIApplicationSceneManifest_Generation = YES;
				INFOPLIST_KEY_UIApplicationSupportsIndirectInputEvents = YES;
				INFOPLIST_KEY_UILaunchScreen_Generation = YES;
				INFOPLIST_KEY_UISupportedInterfaceOrientations_iPad = "UIInterfaceOrientationPortrait UIInterfaceOrientationPortraitUpsideDown UIInterfaceOrientationLandscapeLeft UIInterfaceOrientationLandscapeRight";
				INFOPLIST_KEY_UISupportedInterfaceOrientations_iPhone = "UIInterfaceOrientationPortrait UIInterfaceOrientationLandscapeLeft UIInterfaceOrientationLandscapeRight";
				LD_RUNPATH_SEARCH_PATHS = (
					"$(inherited)",
					"@executable_path/Frameworks",
				);
				MARKETING_VERSION = 1.0;
				PRODUCT_BUNDLE_IDENTIFIER = "com.marwa.belhimer.marwa-";
				PRODUCT_NAME = "$(TARGET_NAME)";
				SWIFT_EMIT_LOC_STRINGS = YES;
				SWIFT_VERSION = 5.0;
				TARGETED_DEVICE_FAMILY = "1,2";
			};
			name = Debug;
		};
		3D1A1B2F2D12EDAC00D72726 /* Release */ = {
			isa = XCBuildConfiguration;
			buildSettings = {
				ASSETCATALOG_COMPILER_APPICON_NAME = AppIcon;
				ASSETCATALOG_COMPILER_GLOBAL_ACCENT_COLOR_NAME = AccentColor;
				CODE_SIGN_STYLE = Automatic;
				CURRENT_PROJECT_VERSION = 1;
				DEVELOPMENT_ASSET_PATHS = "\"marwa-/Preview Content\"";
				ENABLE_PREVIEWS = YES;
				GENERATE_INFOPLIST_FILE = YES;
				INFOPLIST_KEY_UIApplicationSceneManifest_Generation = YES;
				INFOPLIST_KEY_UIApplicationSupportsIndirectInputEvents = YES;
				INFOPLIST_KEY_UILaunchScreen_Generation = YES;
				INFOPLIST_KEY_UISupportedInterfaceOrientations_iPad = "UIInterfaceOrientationPortrait UIInterfaceOrientationPortraitUpsideDown UIInterfaceOrientationLandscapeLeft UIInterfaceOrientationLandscapeRight";
				INFOPLIST_KEY_UISupportedInterfaceOrientations_iPhone = "UIInterfaceOrientationPortrait UIInterfaceOrientationLandscapeLeft UIInterfaceOrientationLandscapeRight";
				LD_RUNPATH_SEARCH_PATHS = (
					"$(inherited)",
					"@executable_path/Frameworks",
				);
				MARKETING_VERSION = 1.0;
				PRODUCT_BUNDLE_IDENTIFIER = "com.marwa.belhimer.marwa-";
				PRODUCT_NAME = "$(TARGET_NAME)";
				SWIFT_EMIT_LOC_STRINGS = YES;
				SWIFT_VERSION = 5.0;
				TARGETED_DEVICE_FAMILY = "1,2";
			};
			name = Release;
		};
		3D1A1B312D12EDAC00D72726 /* Debug */ = {
			isa = XCBuildConfiguration;
			buildSettings = {
				BUNDLE_LOADER = "$(TEST_HOST)";
				CODE_SIGN_STYLE = Automatic;
				CURRENT_PROJECT_VERSION = 1;
				GENERATE_INFOPLIST_FILE = YES;
				IPHONEOS_DEPLOYMENT_TARGET = 18.0;
				MARKETING_VERSION = 1.0;
				PRODUCT_BUNDLE_IDENTIFIER = "com.marwa.belhimer.marwa-Tests";
				PRODUCT_NAME = "$(TARGET_NAME)";
				SWIFT_EMIT_LOC_STRINGS = NO;
				SWIFT_VERSION = 5.0;
				TARGETED_DEVICE_FAMILY = "1,2";
				TEST_HOST = "$(BUILT_PRODUCTS_DIR)/marwa-.app/$(BUNDLE_EXECUTABLE_FOLDER_PATH)/marwa-";
			};
			name = Debug;
		};
		3D1A1B322D12EDAC00D72726 /* Release */ = {
			isa = XCBuildConfiguration;
			buildSettings = {
				BUNDLE_LOADER = "$(TEST_HOST)";
				CODE_SIGN_STYLE = Automatic;
				CURRENT_PROJECT_VERSION = 1;
				GENERATE_INFOPLIST_FILE = YES;
				IPHONEOS_DEPLOYMENT_TARGET = 18.0;
				MARKETING_VERSION = 1.0;
				PRODUCT_BUNDLE_IDENTIFIER = "com.marwa.belhimer.marwa-Tests";
				PRODUCT_NAME = "$(TARGET_NAME)";
				SWIFT_EMIT_LOC_STRINGS = NO;
				SWIFT_VERSION = 5.0;
				TARGETED_DEVICE_FAMILY = "1,2";
				TEST_HOST = "$(BUILT_PRODUCTS_DIR)/marwa-.app/$(BUNDLE_EXECUTABLE_FOLDER_PATH)/marwa-";
			};
			name = Release;
		};
		3D1A1B342D12EDAC00D72726 /* Debug */ = {
			isa = XCBuildConfiguration;
			buildSettings = {
				CODE_SIGN_STYLE = Automatic;
				CURRENT_PROJECT_VERSION = 1;
				GENERATE_INFOPLIST_FILE = YES;
				MARKETING_VERSION = 1.0;
				PRODUCT_BUNDLE_IDENTIFIER = "com.marwa.belhimer.marwa-UITests";
				PRODUCT_NAME = "$(TARGET_NAME)";
				SWIFT_EMIT_LOC_STRINGS = NO;
				SWIFT_VERSION = 5.0;
				TARGETED_DEVICE_FAMILY = "1,2";
				TEST_TARGET_NAME = "marwa-";
			};
			name = Debug;
		};
		3D1A1B352D12EDAC00D72726 /* Release */ = {
			isa = XCBuildConfiguration;
			buildSettings = {
				CODE_SIGN_STYLE = Automatic;
				CURRENT_PROJECT_VERSION = 1;
				GENERATE_INFOPLIST_FILE = YES;
				MARKETING_VERSION = 1.0;
				PRODUCT_BUNDLE_IDENTIFIER = "com.marwa.belhimer.marwa-UITests";
				PRODUCT_NAME = "$(TARGET_NAME)";
				SWIFT_EMIT_LOC_STRINGS = NO;
				SWIFT_VERSION = 5.0;
				TARGETED_DEVICE_FAMILY = "1,2";
				TEST_TARGET_NAME = "marwa-";
			};
			name = Release;
		};
/* End XCBuildConfiguration section */

/* Begin XCConfigurationList section */
		3D1A1B042D12EDAB00D72726 /* Build configuration list for PBXProject "marwa-" */ = {
			isa = XCConfigurationList;
			buildConfigurations = (
				3D1A1B2B2D12EDAC00D72726 /* Debug */,
				3D1A1B2C2D12EDAC00D72726 /* Release */,
			);
			defaultConfigurationIsVisible = 0;
			defaultConfigurationName = Release;
		};
		3D1A1B2D2D12EDAC00D72726 /* Build configuration list for PBXNativeTarget "marwa-" */ = {
			isa = XCConfigurationList;
			buildConfigurations = (
				3D1A1B2E2D12EDAC00D72726 /* Debug */,
				3D1A1B2F2D12EDAC00D72726 /* Release */,
			);
			defaultConfigurationIsVisible = 0;
			defaultConfigurationName = Release;
		};
		3D1A1B302D12EDAC00D72726 /* Build configuration list for PBXNativeTarget "marwa-Tests" */ = {
			isa = XCConfigurationList;
			buildConfigurations = (
				3D1A1B312D12EDAC00D72726 /* Debug */,
				3D1A1B322D12EDAC00D72726 /* Release */,
			);
			defaultConfigurationIsVisible = 0;
			defaultConfigurationName = Release;
		};
		3D1A1B332D12EDAC00D72726 /* Build configuration list for PBXNativeTarget "marwa-UITests" */ = {
			isa = XCConfigurationList;
			buildConfigurations = (
				3D1A1B342D12EDAC00D72726 /* Debug */,
				3D1A1B352D12EDAC00D72726 /* Release */,
			);
			defaultConfigurationIsVisible = 0;
			defaultConfigurationName = Release;
		};
/* End XCConfigurationList section */
	};
	rootObject = 3D1A1B012D12EDAB00D72726 /* Project object */;
}
